
Microsoft Visual Studio Solution File, Format Version 12.00
# Visual Studio 15
Project("{FAE04EC0-301F-11D3-BF4B-00C04F79EFBC}") = "API", "src\API\API.csproj", "{64A46BD9-3361-4DB0-B41F-BE86808903C3}"
EndProject
Project("{FAE04EC0-301F-11D3-BF4B-00C04F79EFBC}") = "Domain", "src\Domain\Domain.csproj", "{5A9AA0AF-E4B2-45AC-B748-57492354EF0A}"
EndProject
Project("{FAE04EC0-301F-11D3-BF4B-00C04F79EFBC}") = "Infrastructure", "src\Infrastructure\Infrastructure.csproj", "{4CE5A67A-D80E-4D70-9987-150EA8AA9FA0}"
EndProject
Project("{FAE04EC0-301F-11D3-BF4B-00C04F79EFBC}") = "Application", "src\Application\Application.csproj", "{178B643F-8682-41E2-AAE2-40E7B34F2031}"
EndProject
Project("{2150E333-8FDC-42A3-9474-1A3956D46DE8}") = "acquiring-bank-simulator", "acquiring-bank-simulator", "{A3920B99-FA26-4799-80CB-9DD67482B181}"
EndProject
Project("{FAE04EC0-301F-11D3-BF4B-00C04F79EFBC}") = "BankSimulator", "bank-simulator\BankSimulator.csproj", "{D95D2215-7E43-438E-AE75-F6225F4C0026}"
EndProject
Project("{2150E333-8FDC-42A3-9474-1A3956D46DE8}") = "tests", "tests", "{223EC315-08B8-4F70-8B8E-C3444C17DEB8}"
EndProject
Global
	GlobalSection(SolutionConfigurationPlatforms) = preSolution
		Debug|Any CPU = Debug|Any CPU
		Release|Any CPU = Release|Any CPU
	EndGlobalSection
	GlobalSection(ProjectConfigurationPlatforms) = postSolution
		{64A46BD9-3361-4DB0-B41F-BE86808903C3}.Debug|Any CPU.ActiveCfg = Debug|Any CPU
		{64A46BD9-3361-4DB0-B41F-BE86808903C3}.Debug|Any CPU.Build.0 = Debug|Any CPU
		{64A46BD9-3361-4DB0-B41F-BE86808903C3}.Release|Any CPU.ActiveCfg = Release|Any CPU
		{64A46BD9-3361-4DB0-B41F-BE86808903C3}.Release|Any CPU.Build.0 = Release|Any CPU
		{5A9AA0AF-E4B2-45AC-B748-57492354EF0A}.Debug|Any CPU.ActiveCfg = Debug|Any CPU
		{5A9AA0AF-E4B2-45AC-B748-57492354EF0A}.Debug|Any CPU.Build.0 = Debug|Any CPU
		{5A9AA0AF-E4B2-45AC-B748-57492354EF0A}.Release|Any CPU.ActiveCfg = Release|Any CPU
		{5A9AA0AF-E4B2-45AC-B748-57492354EF0A}.Release|Any CPU.Build.0 = Release|Any CPU
		{4CE5A67A-D80E-4D70-9987-150EA8AA9FA0}.Debug|Any CPU.ActiveCfg = Debug|Any CPU
		{4CE5A67A-D80E-4D70-9987-150EA8AA9FA0}.Debug|Any CPU.Build.0 = Debug|Any CPU
		{4CE5A67A-D80E-4D70-9987-150EA8AA9FA0}.Release|Any CPU.ActiveCfg = Release|Any CPU
		{4CE5A67A-D80E-4D70-9987-150EA8AA9FA0}.Release|Any CPU.Build.0 = Release|Any CPU
		{178B643F-8682-41E2-AAE2-40E7B34F2031}.Debug|Any CPU.ActiveCfg = Debug|Any CPU
		{178B643F-8682-41E2-AAE2-40E7B34F2031}.Debug|Any CPU.Build.0 = Debug|Any CPU
		{178B643F-8682-41E2-AAE2-40E7B34F2031}.Release|Any CPU.ActiveCfg = Release|Any CPU
		{178B643F-8682-41E2-AAE2-40E7B34F2031}.Release|Any CPU.Build.0 = Release|Any CPU
		{D95D2215-7E43-438E-AE75-F6225F4C0026}.Debug|Any CPU.ActiveCfg = Debug|Any CPU
		{D95D2215-7E43-438E-AE75-F6225F4C0026}.Debug|Any CPU.Build.0 = Debug|Any CPU
		{D95D2215-7E43-438E-AE75-F6225F4C0026}.Release|Any CPU.ActiveCfg = Release|Any CPU
		{D95D2215-7E43-438E-AE75-F6225F4C0026}.Release|Any CPU.Build.0 = Release|Any CPU
	EndGlobalSection
	GlobalSection(NestedProjects) = preSolution
		{D95D2215-7E43-438E-AE75-F6225F4C0026} = {A3920B99-FA26-4799-80CB-9DD67482B181}
	EndGlobalSection
EndGlobal
